
Microsoft Visual Studio Solution File, Format Version 12.00
# Visual Studio Version 16
VisualStudioVersion = 16.0.32002.261
MinimumVisualStudioVersion = 10.0.40219.1
Project("{FAE04EC0-301F-11D3-BF4B-00C04F79EFBC}") = "Touple", "Touple\Touple.csproj", "{7798090D-E060-422B-B8BE-FC00C74ACDEC}"
EndProject
Global
	GlobalSection(SolutionConfigurationPlatforms) = preSolution
		Debug|Any CPU = Debug|Any CPU
		Release|Any CPU = Release|Any CPU
	EndGlobalSection
	GlobalSection(ProjectConfigurationPlatforms) = postSolution
		{7798090D-E060-422B-B8BE-FC00C74ACDEC}.Debug|Any CPU.ActiveCfg = Debug|Any CPU
		{7798090D-E060-422B-B8BE-FC00C74ACDEC}.Debug|Any CPU.Build.0 = Debug|Any CPU
		{7798090D-E060-422B-B8BE-FC00C74ACDEC}.Release|Any CPU.ActiveCfg = Release|Any CPU
		{7798090D-E060-422B-B8BE-FC00C74ACDEC}.Release|Any CPU.Build.0 = Release|Any CPU
	EndGlobalSection
	GlobalSection(SolutionProperties) = preSolution
		HideSolutionNode = FALSE
	EndGlobalSection
	GlobalSection(ExtensibilityGlobals) = postSolution
		SolutionGuid = {FD413B5D-B74D-495C-A702-46249BEE92E5}
	EndGlobalSection
EndGlobal
